
Microsoft Visual Studio Solution File, Format Version 12.00
# Visual Studio 15
VisualStudioVersion = 15.0.27004.2006
MinimumVisualStudioVersion = 10.0.40219.1
Project("{9A19103F-16F7-4668-BE54-9A1E7A4F7556}") = "03", "03\03.csproj", "{3E209250-2484-4972-AB1F-B135A5F187A1}"
EndProject
Project("{9A19103F-16F7-4668-BE54-9A1E7A4F7556}") = "04", "04\04.csproj", "{CFDA3DAF-A0F9-439A-A0B6-95597992E8C1}"
EndProject
Project("{9A19103F-16F7-4668-BE54-9A1E7A4F7556}") = "05", "05\05.csproj", "{7CFBFD2C-A05A-4FF6-B5B7-9FDECA2965B3}"
EndProject
Project("{9A19103F-16F7-4668-BE54-9A1E7A4F7556}") = "06", "06\06.csproj", "{688BCD77-49DD-4D7F-B168-83A33AC2CC68}"
EndProject
Project("{9A19103F-16F7-4668-BE54-9A1E7A4F7556}") = "07", "07\07.csproj", "{5E0519E6-6425-432B-8FC0-B26A8215C0F6}"
EndProject
Project("{9A19103F-16F7-4668-BE54-9A1E7A4F7556}") = "08", "08\08.csproj", "{AE40A7B2-D256-4BD2-96CD-6D54B6005830}"
EndProject
Project("{9A19103F-16F7-4668-BE54-9A1E7A4F7556}") = "09", "09\09.csproj", "{8EA7B91A-887D-4BC8-B0D8-9D2014CE25CA}"
EndProject
Project("{9A19103F-16F7-4668-BE54-9A1E7A4F7556}") = "10", "10\10.csproj", "{578D2ADF-EEE4-45FB-9337-7B0414A11629}"
EndProject
Project("{9A19103F-16F7-4668-BE54-9A1E7A4F7556}") = "11", "11\11.csproj", "{497811FF-57B2-4C4F-AB89-1EA9E793190C}"
EndProject
Project("{9A19103F-16F7-4668-BE54-9A1E7A4F7556}") = "12", "12\12.csproj", "{9C42AE0A-1628-44DF-A008-2DF0D3E55A5C}"
EndProject
Project("{9A19103F-16F7-4668-BE54-9A1E7A4F7556}") = "13", "13\13.csproj", "{8E33910E-10FE-4C3E-9EDF-C58F0A1B6514}"
EndProject
Project("{9A19103F-16F7-4668-BE54-9A1E7A4F7556}") = "14", "14\14.csproj", "{9279345D-48F4-427E-BD39-F4A314F5801C}"
EndProject
Project("{9A19103F-16F7-4668-BE54-9A1E7A4F7556}") = "15", "15\15.csproj", "{886B6C5E-B6D8-42A7-8668-5068A9CF88ED}"
EndProject
Project("{9A19103F-16F7-4668-BE54-9A1E7A4F7556}") = "02", "02\02.csproj", "{93BAB0BB-2B18-4A2B-8ECE-541E08719EB0}"
EndProject
Global
	GlobalSection(SolutionConfigurationPlatforms) = preSolution
		Debug|Any CPU = Debug|Any CPU
		Release|Any CPU = Release|Any CPU
	EndGlobalSection
	GlobalSection(ProjectConfigurationPlatforms) = postSolution
		{3E209250-2484-4972-AB1F-B135A5F187A1}.Debug|Any CPU.ActiveCfg = Debug|Any CPU
		{3E209250-2484-4972-AB1F-B135A5F187A1}.Debug|Any CPU.Build.0 = Debug|Any CPU
		{3E209250-2484-4972-AB1F-B135A5F187A1}.Release|Any CPU.ActiveCfg = Release|Any CPU
		{3E209250-2484-4972-AB1F-B135A5F187A1}.Release|Any CPU.Build.0 = Release|Any CPU
		{CFDA3DAF-A0F9-439A-A0B6-95597992E8C1}.Debug|Any CPU.ActiveCfg = Debug|Any CPU
		{CFDA3DAF-A0F9-439A-A0B6-95597992E8C1}.Debug|Any CPU.Build.0 = Debug|Any CPU
		{CFDA3DAF-A0F9-439A-A0B6-95597992E8C1}.Release|Any CPU.ActiveCfg = Release|Any CPU
		{CFDA3DAF-A0F9-439A-A0B6-95597992E8C1}.Release|Any CPU.Build.0 = Release|Any CPU
		{7CFBFD2C-A05A-4FF6-B5B7-9FDECA2965B3}.Debug|Any CPU.ActiveCfg = Debug|Any CPU
		{7CFBFD2C-A05A-4FF6-B5B7-9FDECA2965B3}.Debug|Any CPU.Build.0 = Debug|Any CPU
		{7CFBFD2C-A05A-4FF6-B5B7-9FDECA2965B3}.Release|Any CPU.ActiveCfg = Release|Any CPU
		{7CFBFD2C-A05A-4FF6-B5B7-9FDECA2965B3}.Release|Any CPU.Build.0 = Release|Any CPU
		{688BCD77-49DD-4D7F-B168-83A33AC2CC68}.Debug|Any CPU.ActiveCfg = Debug|Any CPU
		{688BCD77-49DD-4D7F-B168-83A33AC2CC68}.Debug|Any CPU.Build.0 = Debug|Any CPU
		{688BCD77-49DD-4D7F-B168-83A33AC2CC68}.Release|Any CPU.ActiveCfg = Release|Any CPU
		{688BCD77-49DD-4D7F-B168-83A33AC2CC68}.Release|Any CPU.Build.0 = Release|Any CPU
		{5E0519E6-6425-432B-8FC0-B26A8215C0F6}.Debug|Any CPU.ActiveCfg = Debug|Any CPU
		{5E0519E6-6425-432B-8FC0-B26A8215C0F6}.Debug|Any CPU.Build.0 = Debug|Any CPU
		{5E0519E6-6425-432B-8FC0-B26A8215C0F6}.Release|Any CPU.ActiveCfg = Release|Any CPU
		{5E0519E6-6425-432B-8FC0-B26A8215C0F6}.Release|Any CPU.Build.0 = Release|Any CPU
		{AE40A7B2-D256-4BD2-96CD-6D54B6005830}.Debug|Any CPU.ActiveCfg = Debug|Any CPU
		{AE40A7B2-D256-4BD2-96CD-6D54B6005830}.Debug|Any CPU.Build.0 = Debug|Any CPU
		{AE40A7B2-D256-4BD2-96CD-6D54B6005830}.Release|Any CPU.ActiveCfg = Release|Any CPU
		{AE40A7B2-D256-4BD2-96CD-6D54B6005830}.Release|Any CPU.Build.0 = Release|Any CPU
		{8EA7B91A-887D-4BC8-B0D8-9D2014CE25CA}.Debug|Any CPU.ActiveCfg = Debug|Any CPU
		{8EA7B91A-887D-4BC8-B0D8-9D2014CE25CA}.Debug|Any CPU.Build.0 = Debug|Any CPU
		{8EA7B91A-887D-4BC8-B0D8-9D2014CE25CA}.Release|Any CPU.ActiveCfg = Release|Any CPU
		{8EA7B91A-887D-4BC8-B0D8-9D2014CE25CA}.Release|Any CPU.Build.0 = Release|Any CPU
		{578D2ADF-EEE4-45FB-9337-7B0414A11629}.Debug|Any CPU.ActiveCfg = Debug|Any CPU
		{578D2ADF-EEE4-45FB-9337-7B0414A11629}.Debug|Any CPU.Build.0 = Debug|Any CPU
		{578D2ADF-EEE4-45FB-9337-7B0414A11629}.Release|Any CPU.ActiveCfg = Release|Any CPU
		{578D2ADF-EEE4-45FB-9337-7B0414A11629}.Release|Any CPU.Build.0 = Release|Any CPU
		{497811FF-57B2-4C4F-AB89-1EA9E793190C}.Debug|Any CPU.ActiveCfg = Debug|Any CPU
		{497811FF-57B2-4C4F-AB89-1EA9E793190C}.Debug|Any CPU.Build.0 = Debug|Any CPU
		{497811FF-57B2-4C4F-AB89-1EA9E793190C}.Release|Any CPU.ActiveCfg = Release|Any CPU
		{497811FF-57B2-4C4F-AB89-1EA9E793190C}.Release|Any CPU.Build.0 = Release|Any CPU
		{9C42AE0A-1628-44DF-A008-2DF0D3E55A5C}.Debug|Any CPU.ActiveCfg = Debug|Any CPU
		{9C42AE0A-1628-44DF-A008-2DF0D3E55A5C}.Debug|Any CPU.Build.0 = Debug|Any CPU
		{9C42AE0A-1628-44DF-A008-2DF0D3E55A5C}.Release|Any CPU.ActiveCfg = Release|Any CPU
		{9C42AE0A-1628-44DF-A008-2DF0D3E55A5C}.Release|Any CPU.Build.0 = Release|Any CPU
		{8E33910E-10FE-4C3E-9EDF-C58F0A1B6514}.Debug|Any CPU.ActiveCfg = Debug|Any CPU
		{8E33910E-10FE-4C3E-9EDF-C58F0A1B6514}.Debug|Any CPU.Build.0 = Debug|Any CPU
		{8E33910E-10FE-4C3E-9EDF-C58F0A1B6514}.Release|Any CPU.ActiveCfg = Release|Any CPU
		{8E33910E-10FE-4C3E-9EDF-C58F0A1B6514}.Release|Any CPU.Build.0 = Release|Any CPU
		{9279345D-48F4-427E-BD39-F4A314F5801C}.Debug|Any CPU.ActiveCfg = Debug|Any CPU
		{9279345D-48F4-427E-BD39-F4A314F5801C}.Debug|Any CPU.Build.0 = Debug|Any CPU
		{9279345D-48F4-427E-BD39-F4A314F5801C}.Release|Any CPU.ActiveCfg = Release|Any CPU
		{9279345D-48F4-427E-BD39-F4A314F5801C}.Release|Any CPU.Build.0 = Release|Any CPU
		{886B6C5E-B6D8-42A7-8668-5068A9CF88ED}.Debug|Any CPU.ActiveCfg = Debug|Any CPU
		{886B6C5E-B6D8-42A7-8668-5068A9CF88ED}.Debug|Any CPU.Build.0 = Debug|Any CPU
		{886B6C5E-B6D8-42A7-8668-5068A9CF88ED}.Release|Any CPU.ActiveCfg = Release|Any CPU
		{886B6C5E-B6D8-42A7-8668-5068A9CF88ED}.Release|Any CPU.Build.0 = Release|Any CPU
		{93BAB0BB-2B18-4A2B-8ECE-541E08719EB0}.Debug|Any CPU.ActiveCfg = Debug|Any CPU
		{93BAB0BB-2B18-4A2B-8ECE-541E08719EB0}.Debug|Any CPU.Build.0 = Debug|Any CPU
		{93BAB0BB-2B18-4A2B-8ECE-541E08719EB0}.Release|Any CPU.ActiveCfg = Release|Any CPU
		{93BAB0BB-2B18-4A2B-8ECE-541E08719EB0}.Release|Any CPU.Build.0 = Release|Any CPU
	EndGlobalSection
	GlobalSection(SolutionProperties) = preSolution
		HideSolutionNode = FALSE
	EndGlobalSection
	GlobalSection(ExtensibilityGlobals) = postSolution
		SolutionGuid = {98EAA654-34DB-4D20-928A-455C4B5DCCD4}
	EndGlobalSection
EndGlobal
