
Microsoft Visual Studio Solution File, Format Version 12.00
# Visual Studio 15
VisualStudioVersion = 15.0.27004.2006
MinimumVisualStudioVersion = 10.0.40219.1
Project("{FAE04EC0-301F-11D3-BF4B-00C04F79EFBC}") = "Employees.App", "Employees.App\Employees.App.csproj", "{873715C3-0678-4280-945B-3BE4494900A1}"
EndProject
Project("{FAE04EC0-301F-11D3-BF4B-00C04F79EFBC}") = "Employees.Data", "Employees.Data\Employees.Data.csproj", "{FFE6D1B9-C931-4DD8-960F-25ED39EC742F}"
EndProject
Project("{FAE04EC0-301F-11D3-BF4B-00C04F79EFBC}") = "Employees.Models", "Employees.Models\Employees.Models.csproj", "{700117CC-7B49-4F96-8BE9-D4B9E2D37F84}"
EndProject
Project("{FAE04EC0-301F-11D3-BF4B-00C04F79EFBC}") = "Employees.Services", "Employees.Services\Employees.Services.csproj", "{57071499-6076-4258-A7C2-82D95F9042C8}"
EndProject
Project("{FAE04EC0-301F-11D3-BF4B-00C04F79EFBC}") = "Employees.DtoModels", "Employees.DtoModels\Employees.DtoModels.csproj", "{059CFBAE-4A58-468D-82EF-D3008BCA92F4}"
EndProject
Global
	GlobalSection(SolutionConfigurationPlatforms) = preSolution
		Debug|Any CPU = Debug|Any CPU
		Release|Any CPU = Release|Any CPU
	EndGlobalSection
	GlobalSection(ProjectConfigurationPlatforms) = postSolution
		{873715C3-0678-4280-945B-3BE4494900A1}.Debug|Any CPU.ActiveCfg = Debug|Any CPU
		{873715C3-0678-4280-945B-3BE4494900A1}.Debug|Any CPU.Build.0 = Debug|Any CPU
		{873715C3-0678-4280-945B-3BE4494900A1}.Release|Any CPU.ActiveCfg = Release|Any CPU
		{873715C3-0678-4280-945B-3BE4494900A1}.Release|Any CPU.Build.0 = Release|Any CPU
		{FFE6D1B9-C931-4DD8-960F-25ED39EC742F}.Debug|Any CPU.ActiveCfg = Debug|Any CPU
		{FFE6D1B9-C931-4DD8-960F-25ED39EC742F}.Debug|Any CPU.Build.0 = Debug|Any CPU
		{FFE6D1B9-C931-4DD8-960F-25ED39EC742F}.Release|Any CPU.ActiveCfg = Release|Any CPU
		{FFE6D1B9-C931-4DD8-960F-25ED39EC742F}.Release|Any CPU.Build.0 = Release|Any CPU
		{700117CC-7B49-4F96-8BE9-D4B9E2D37F84}.Debug|Any CPU.ActiveCfg = Debug|Any CPU
		{700117CC-7B49-4F96-8BE9-D4B9E2D37F84}.Debug|Any CPU.Build.0 = Debug|Any CPU
		{700117CC-7B49-4F96-8BE9-D4B9E2D37F84}.Release|Any CPU.ActiveCfg = Release|Any CPU
		{700117CC-7B49-4F96-8BE9-D4B9E2D37F84}.Release|Any CPU.Build.0 = Release|Any CPU
		{57071499-6076-4258-A7C2-82D95F9042C8}.Debug|Any CPU.ActiveCfg = Debug|Any CPU
		{57071499-6076-4258-A7C2-82D95F9042C8}.Debug|Any CPU.Build.0 = Debug|Any CPU
		{57071499-6076-4258-A7C2-82D95F9042C8}.Release|Any CPU.ActiveCfg = Release|Any CPU
		{57071499-6076-4258-A7C2-82D95F9042C8}.Release|Any CPU.Build.0 = Release|Any CPU
		{059CFBAE-4A58-468D-82EF-D3008BCA92F4}.Debug|Any CPU.ActiveCfg = Debug|Any CPU
		{059CFBAE-4A58-468D-82EF-D3008BCA92F4}.Debug|Any CPU.Build.0 = Debug|Any CPU
		{059CFBAE-4A58-468D-82EF-D3008BCA92F4}.Release|Any CPU.ActiveCfg = Release|Any CPU
		{059CFBAE-4A58-468D-82EF-D3008BCA92F4}.Release|Any CPU.Build.0 = Release|Any CPU
	EndGlobalSection
	GlobalSection(SolutionProperties) = preSolution
		HideSolutionNode = FALSE
	EndGlobalSection
	GlobalSection(ExtensibilityGlobals) = postSolution
		SolutionGuid = {E5AA7816-2D57-4BD4-B7BE-5D64E8381894}
	EndGlobalSection
EndGlobal
